
Microsoft Visual Studio Solution File, Format Version 12.00
# Visual Studio Version 17
VisualStudioVersion = 17.1.32328.378
MinimumVisualStudioVersion = 10.0.40219.1
Project("{FAE04EC0-301F-11D3-BF4B-00C04F79EFBC}") = "Math_3x1", "Math_3x1\Math_3x1.csproj", "{8B9E9CD6-FA0E-40DA-80B5-A0B0AEFD8364}"
EndProject
Global
	GlobalSection(SolutionConfigurationPlatforms) = preSolution
		Debug|Any CPU = Debug|Any CPU
		Release|Any CPU = Release|Any CPU
	EndGlobalSection
	GlobalSection(ProjectConfigurationPlatforms) = postSolution
		{8B9E9CD6-FA0E-40DA-80B5-A0B0AEFD8364}.Debug|Any CPU.ActiveCfg = Debug|Any CPU
		{8B9E9CD6-FA0E-40DA-80B5-A0B0AEFD8364}.Debug|Any CPU.Build.0 = Debug|Any CPU
		{8B9E9CD6-FA0E-40DA-80B5-A0B0AEFD8364}.Release|Any CPU.ActiveCfg = Release|Any CPU
		{8B9E9CD6-FA0E-40DA-80B5-A0B0AEFD8364}.Release|Any CPU.Build.0 = Release|Any CPU
	EndGlobalSection
	GlobalSection(SolutionProperties) = preSolution
		HideSolutionNode = FALSE
	EndGlobalSection
	GlobalSection(ExtensibilityGlobals) = postSolution
		SolutionGuid = {96BDF3A5-EBE6-4FD9-AEB8-E75095FDBA81}
	EndGlobalSection
EndGlobal
